// !$*UTF8*$!
{
	archiveVersion = 1;
	classes = {
	};
	objectVersion = 56;
	objects = {

/* Begin PBXBuildFile section */
		D9803C7929D49654006D20D1 /* AppDelegate.swift in Sources */ = {isa = PBXBuildFile; fileRef = D9803C7829D49654006D20D1 /* AppDelegate.swift */; };
		D9803C7B29D49654006D20D1 /* SceneDelegate.swift in Sources */ = {isa = PBXBuildFile; fileRef = D9803C7A29D49654006D20D1 /* SceneDelegate.swift */; };
		D9803C8229D4965A006D20D1 /* Assets.xcassets in Resources */ = {isa = PBXBuildFile; fileRef = D9803C8129D4965A006D20D1 /* Assets.xcassets */; };
		D9803C8529D4965A006D20D1 /* LaunchScreen.storyboard in Resources */ = {isa = PBXBuildFile; fileRef = D9803C8329D4965A006D20D1 /* LaunchScreen.storyboard */; };
		D9803C9029D4965A006D20D1 /* MovieApp_MVVM_ProgrammaticTests.swift in Sources */ = {isa = PBXBuildFile; fileRef = D9803C8F29D4965A006D20D1 /* MovieApp_MVVM_ProgrammaticTests.swift */; };
		D9803C9A29D4965B006D20D1 /* MovieApp_MVVM_ProgrammaticUITests.swift in Sources */ = {isa = PBXBuildFile; fileRef = D9803C9929D4965B006D20D1 /* MovieApp_MVVM_ProgrammaticUITests.swift */; };
		D9803C9C29D4965B006D20D1 /* MovieApp_MVVM_ProgrammaticUITestsLaunchTests.swift in Sources */ = {isa = PBXBuildFile; fileRef = D9803C9B29D4965B006D20D1 /* MovieApp_MVVM_ProgrammaticUITestsLaunchTests.swift */; };
		D9803CAF29D49931006D20D1 /* HomeVC.swift in Sources */ = {isa = PBXBuildFile; fileRef = D9803CAE29D49931006D20D1 /* HomeVC.swift */; };
		D9803CB729D49BA5006D20D1 /* SnapKit in Frameworks */ = {isa = PBXBuildFile; productRef = D9803CB629D49BA5006D20D1 /* SnapKit */; };
		D9803CBA29D49BF9006D20D1 /* Kingfisher in Frameworks */ = {isa = PBXBuildFile; productRef = D9803CB929D49BF9006D20D1 /* Kingfisher */; };
		D9803CBD29D49D64006D20D1 /* Alamofire in Frameworks */ = {isa = PBXBuildFile; productRef = D9803CBC29D49D64006D20D1 /* Alamofire */; };
		D9803CC129D5D496006D20D1 /* MovieModel.swift in Sources */ = {isa = PBXBuildFile; fileRef = D9803CC029D5D496006D20D1 /* MovieModel.swift */; };
		D9803CC329D5D879006D20D1 /* ServiceManager.swift in Sources */ = {isa = PBXBuildFile; fileRef = D9803CC229D5D879006D20D1 /* ServiceManager.swift */; };
		D9803CC529D7B2A2006D20D1 /* WebService.swift in Sources */ = {isa = PBXBuildFile; fileRef = D9803CC429D7B2A2006D20D1 /* WebService.swift */; };
		D9803CC929D7B5A3006D20D1 /* Constant.swift in Sources */ = {isa = PBXBuildFile; fileRef = D9803CC829D7B5A3006D20D1 /* Constant.swift */; };
		D9803CCB29D7B5DC006D20D1 /* ServiceConstant.swift in Sources */ = {isa = PBXBuildFile; fileRef = D9803CCA29D7B5DC006D20D1 /* ServiceConstant.swift */; };
/* End PBXBuildFile section */

/* Begin PBXContainerItemProxy section */
		D9803C8C29D4965A006D20D1 /* PBXContainerItemProxy */ = {
			isa = PBXContainerItemProxy;
			containerPortal = D9803C6D29D49654006D20D1 /* Project object */;
			proxyType = 1;
			remoteGlobalIDString = D9803C7429D49654006D20D1;
			remoteInfo = "MovieApp-MVVM-Programmatic";
		};
		D9803C9629D4965B006D20D1 /* PBXContainerItemProxy */ = {
			isa = PBXContainerItemProxy;
			containerPortal = D9803C6D29D49654006D20D1 /* Project object */;
			proxyType = 1;
			remoteGlobalIDString = D9803C7429D49654006D20D1;
			remoteInfo = "MovieApp-MVVM-Programmatic";
		};
/* End PBXContainerItemProxy section */

/* Begin PBXFileReference section */
		D9803C7529D49654006D20D1 /* MovieApp-MVVM-Programmatic.app */ = {isa = PBXFileReference; explicitFileType = wrapper.application; includeInIndex = 0; path = "MovieApp-MVVM-Programmatic.app"; sourceTree = BUILT_PRODUCTS_DIR; };
		D9803C7829D49654006D20D1 /* AppDelegate.swift */ = {isa = PBXFileReference; lastKnownFileType = sourcecode.swift; path = AppDelegate.swift; sourceTree = "<group>"; };
		D9803C7A29D49654006D20D1 /* SceneDelegate.swift */ = {isa = PBXFileReference; lastKnownFileType = sourcecode.swift; path = SceneDelegate.swift; sourceTree = "<group>"; };
		D9803C8129D4965A006D20D1 /* Assets.xcassets */ = {isa = PBXFileReference; lastKnownFileType = folder.assetcatalog; path = Assets.xcassets; sourceTree = "<group>"; };
		D9803C8429D4965A006D20D1 /* Base */ = {isa = PBXFileReference; lastKnownFileType = file.storyboard; name = Base; path = Base.lproj/LaunchScreen.storyboard; sourceTree = "<group>"; };
		D9803C8629D4965A006D20D1 /* Info.plist */ = {isa = PBXFileReference; lastKnownFileType = text.plist.xml; path = Info.plist; sourceTree = "<group>"; };
		D9803C8B29D4965A006D20D1 /* MovieApp-MVVM-ProgrammaticTests.xctest */ = {isa = PBXFileReference; explicitFileType = wrapper.cfbundle; includeInIndex = 0; path = "MovieApp-MVVM-ProgrammaticTests.xctest"; sourceTree = BUILT_PRODUCTS_DIR; };
		D9803C8F29D4965A006D20D1 /* MovieApp_MVVM_ProgrammaticTests.swift */ = {isa = PBXFileReference; lastKnownFileType = sourcecode.swift; path = MovieApp_MVVM_ProgrammaticTests.swift; sourceTree = "<group>"; };
		D9803C9529D4965B006D20D1 /* MovieApp-MVVM-ProgrammaticUITests.xctest */ = {isa = PBXFileReference; explicitFileType = wrapper.cfbundle; includeInIndex = 0; path = "MovieApp-MVVM-ProgrammaticUITests.xctest"; sourceTree = BUILT_PRODUCTS_DIR; };
		D9803C9929D4965B006D20D1 /* MovieApp_MVVM_ProgrammaticUITests.swift */ = {isa = PBXFileReference; lastKnownFileType = sourcecode.swift; path = MovieApp_MVVM_ProgrammaticUITests.swift; sourceTree = "<group>"; };
		D9803C9B29D4965B006D20D1 /* MovieApp_MVVM_ProgrammaticUITestsLaunchTests.swift */ = {isa = PBXFileReference; lastKnownFileType = sourcecode.swift; path = MovieApp_MVVM_ProgrammaticUITestsLaunchTests.swift; sourceTree = "<group>"; };
		D9803CAE29D49931006D20D1 /* HomeVC.swift */ = {isa = PBXFileReference; lastKnownFileType = sourcecode.swift; path = HomeVC.swift; sourceTree = "<group>"; };
		D9803CC029D5D496006D20D1 /* MovieModel.swift */ = {isa = PBXFileReference; lastKnownFileType = sourcecode.swift; path = MovieModel.swift; sourceTree = "<group>"; };
		D9803CC229D5D879006D20D1 /* ServiceManager.swift */ = {isa = PBXFileReference; lastKnownFileType = sourcecode.swift; path = ServiceManager.swift; sourceTree = "<group>"; };
		D9803CC429D7B2A2006D20D1 /* WebService.swift */ = {isa = PBXFileReference; lastKnownFileType = sourcecode.swift; path = WebService.swift; sourceTree = "<group>"; };
		D9803CC829D7B5A3006D20D1 /* Constant.swift */ = {isa = PBXFileReference; lastKnownFileType = sourcecode.swift; path = Constant.swift; sourceTree = "<group>"; };
		D9803CCA29D7B5DC006D20D1 /* ServiceConstant.swift */ = {isa = PBXFileReference; lastKnownFileType = sourcecode.swift; path = ServiceConstant.swift; sourceTree = "<group>"; };
/* End PBXFileReference section */

/* Begin PBXFrameworksBuildPhase section */
		D9803C7229D49654006D20D1 /* Frameworks */ = {
			isa = PBXFrameworksBuildPhase;
			buildActionMask = 2147483647;
			files = (
				D9803CBD29D49D64006D20D1 /* Alamofire in Frameworks */,
				D9803CBA29D49BF9006D20D1 /* Kingfisher in Frameworks */,
				D9803CB729D49BA5006D20D1 /* SnapKit in Frameworks */,
			);
			runOnlyForDeploymentPostprocessing = 0;
		};
		D9803C8829D4965A006D20D1 /* Frameworks */ = {
			isa = PBXFrameworksBuildPhase;
			buildActionMask = 2147483647;
			files = (
			);
			runOnlyForDeploymentPostprocessing = 0;
		};
		D9803C9229D4965B006D20D1 /* Frameworks */ = {
			isa = PBXFrameworksBuildPhase;
			buildActionMask = 2147483647;
			files = (
			);
			runOnlyForDeploymentPostprocessing = 0;
		};
/* End PBXFrameworksBuildPhase section */

/* Begin PBXGroup section */
		D9803C6C29D49654006D20D1 = {
			isa = PBXGroup;
			children = (
				D9803C7729D49654006D20D1 /* MovieApp-MVVM-Programmatic */,
				D9803C8E29D4965A006D20D1 /* MovieApp-MVVM-ProgrammaticTests */,
				D9803C9829D4965B006D20D1 /* MovieApp-MVVM-ProgrammaticUITests */,
				D9803C7629D49654006D20D1 /* Products */,
			);
			sourceTree = "<group>";
		};
		D9803C7629D49654006D20D1 /* Products */ = {
			isa = PBXGroup;
			children = (
				D9803C7529D49654006D20D1 /* MovieApp-MVVM-Programmatic.app */,
				D9803C8B29D4965A006D20D1 /* MovieApp-MVVM-ProgrammaticTests.xctest */,
				D9803C9529D4965B006D20D1 /* MovieApp-MVVM-ProgrammaticUITests.xctest */,
			);
			name = Products;
			sourceTree = "<group>";
		};
		D9803C7729D49654006D20D1 /* MovieApp-MVVM-Programmatic */ = {
			isa = PBXGroup;
			children = (
				D9803CC729D7B58C006D20D1 /* Constant */,
				D9803CB329D49A8B006D20D1 /* Model */,
				D9803CB029D49A1C006D20D1 /* Service */,
				D9803CAD29D49771006D20D1 /* Support */,
				D9803CAC29D49745006D20D1 /* Resources */,
				D9803CA929D49710006D20D1 /* Scene */,
				D9803CA829D496F2006D20D1 /* App */,
			);
			path = "MovieApp-MVVM-Programmatic";
			sourceTree = "<group>";
		};
		D9803C8E29D4965A006D20D1 /* MovieApp-MVVM-ProgrammaticTests */ = {
			isa = PBXGroup;
			children = (
				D9803C8F29D4965A006D20D1 /* MovieApp_MVVM_ProgrammaticTests.swift */,
			);
			path = "MovieApp-MVVM-ProgrammaticTests";
			sourceTree = "<group>";
		};
		D9803C9829D4965B006D20D1 /* MovieApp-MVVM-ProgrammaticUITests */ = {
			isa = PBXGroup;
			children = (
				D9803C9929D4965B006D20D1 /* MovieApp_MVVM_ProgrammaticUITests.swift */,
				D9803C9B29D4965B006D20D1 /* MovieApp_MVVM_ProgrammaticUITestsLaunchTests.swift */,
			);
			path = "MovieApp-MVVM-ProgrammaticUITests";
			sourceTree = "<group>";
		};
		D9803CA829D496F2006D20D1 /* App */ = {
			isa = PBXGroup;
			children = (
				D9803C7829D49654006D20D1 /* AppDelegate.swift */,
				D9803C7A29D49654006D20D1 /* SceneDelegate.swift */,
			);
			path = App;
			sourceTree = "<group>";
		};
		D9803CA929D49710006D20D1 /* Scene */ = {
			isa = PBXGroup;
			children = (
				D9803CAB29D4972B006D20D1 /* Home */,
				D9803CAA29D49721006D20D1 /* Detail */,
			);
			path = Scene;
			sourceTree = "<group>";
		};
		D9803CAA29D49721006D20D1 /* Detail */ = {
			isa = PBXGroup;
			children = (
			);
			path = Detail;
			sourceTree = "<group>";
		};
		D9803CAB29D4972B006D20D1 /* Home */ = {
			isa = PBXGroup;
			children = (
				D9803CB429D49AA1006D20D1 /* HomeViewModel */,
				D9803CAE29D49931006D20D1 /* HomeVC.swift */,
			);
			path = Home;
			sourceTree = "<group>";
		};
		D9803CAC29D49745006D20D1 /* Resources */ = {
			isa = PBXGroup;
			children = (
				D9803C8129D4965A006D20D1 /* Assets.xcassets */,
				D9803C8329D4965A006D20D1 /* LaunchScreen.storyboard */,
			);
			path = Resources;
			sourceTree = "<group>";
		};
		D9803CAD29D49771006D20D1 /* Support */ = {
			isa = PBXGroup;
			children = (
				D9803C8629D4965A006D20D1 /* Info.plist */,
			);
			path = Support;
			sourceTree = "<group>";
		};
		D9803CB029D49A1C006D20D1 /* Service */ = {
			isa = PBXGroup;
			children = (
				D9803CB229D49A2C006D20D1 /* ServiceManager */,
				D9803CB129D49A25006D20D1 /* WebService */,
			);
			path = Service;
			sourceTree = "<group>";
		};
		D9803CB129D49A25006D20D1 /* WebService */ = {
			isa = PBXGroup;
			children = (
				D9803CC429D7B2A2006D20D1 /* WebService.swift */,
			);
			path = WebService;
			sourceTree = "<group>";
		};
		D9803CB229D49A2C006D20D1 /* ServiceManager */ = {
			isa = PBXGroup;
			children = (
				D9803CC229D5D879006D20D1 /* ServiceManager.swift */,
			);
			path = ServiceManager;
			sourceTree = "<group>";
		};
		D9803CB329D49A8B006D20D1 /* Model */ = {
			isa = PBXGroup;
			children = (
				D9803CC029D5D496006D20D1 /* MovieModel.swift */,
			);
			path = Model;
			sourceTree = "<group>";
		};
		D9803CB429D49AA1006D20D1 /* HomeViewModel */ = {
			isa = PBXGroup;
			children = (
			);
			path = HomeViewModel;
			sourceTree = "<group>";
		};
		D9803CC729D7B58C006D20D1 /* Constant */ = {
			isa = PBXGroup;
			children = (
				D9803CC829D7B5A3006D20D1 /* Constant.swift */,
				D9803CCA29D7B5DC006D20D1 /* ServiceConstant.swift */,
			);
			path = Constant;
			sourceTree = "<group>";
		};
/* End PBXGroup section */

/* Begin PBXNativeTarget section */
		D9803C7429D49654006D20D1 /* MovieApp-MVVM-Programmatic */ = {
			isa = PBXNativeTarget;
			buildConfigurationList = D9803C9F29D4965B006D20D1 /* Build configuration list for PBXNativeTarget "MovieApp-MVVM-Programmatic" */;
			buildPhases = (
				D9803C7129D49654006D20D1 /* Sources */,
				D9803C7229D49654006D20D1 /* Frameworks */,
				D9803C7329D49654006D20D1 /* Resources */,
			);
			buildRules = (
			);
			dependencies = (
			);
			name = "MovieApp-MVVM-Programmatic";
			packageProductDependencies = (
				D9803CB629D49BA5006D20D1 /* SnapKit */,
				D9803CB929D49BF9006D20D1 /* Kingfisher */,
				D9803CBC29D49D64006D20D1 /* Alamofire */,
			);
			productName = "MovieApp-MVVM-Programmatic";
			productReference = D9803C7529D49654006D20D1 /* MovieApp-MVVM-Programmatic.app */;
			productType = "com.apple.product-type.application";
		};
		D9803C8A29D4965A006D20D1 /* MovieApp-MVVM-ProgrammaticTests */ = {
			isa = PBXNativeTarget;
			buildConfigurationList = D9803CA229D4965B006D20D1 /* Build configuration list for PBXNativeTarget "MovieApp-MVVM-ProgrammaticTests" */;
			buildPhases = (
				D9803C8729D4965A006D20D1 /* Sources */,
				D9803C8829D4965A006D20D1 /* Frameworks */,
				D9803C8929D4965A006D20D1 /* Resources */,
			);
			buildRules = (
			);
			dependencies = (
				D9803C8D29D4965A006D20D1 /* PBXTargetDependency */,
			);
			name = "MovieApp-MVVM-ProgrammaticTests";
			productName = "MovieApp-MVVM-ProgrammaticTests";
			productReference = D9803C8B29D4965A006D20D1 /* MovieApp-MVVM-ProgrammaticTests.xctest */;
			productType = "com.apple.product-type.bundle.unit-test";
		};
		D9803C9429D4965B006D20D1 /* MovieApp-MVVM-ProgrammaticUITests */ = {
			isa = PBXNativeTarget;
			buildConfigurationList = D9803CA529D4965B006D20D1 /* Build configuration list for PBXNativeTarget "MovieApp-MVVM-ProgrammaticUITests" */;
			buildPhases = (
				D9803C9129D4965B006D20D1 /* Sources */,
				D9803C9229D4965B006D20D1 /* Frameworks */,
				D9803C9329D4965B006D20D1 /* Resources */,
			);
			buildRules = (
			);
			dependencies = (
				D9803C9729D4965B006D20D1 /* PBXTargetDependency */,
			);
			name = "MovieApp-MVVM-ProgrammaticUITests";
			productName = "MovieApp-MVVM-ProgrammaticUITests";
			productReference = D9803C9529D4965B006D20D1 /* MovieApp-MVVM-ProgrammaticUITests.xctest */;
			productType = "com.apple.product-type.bundle.ui-testing";
		};
/* End PBXNativeTarget section */

/* Begin PBXProject section */
		D9803C6D29D49654006D20D1 /* Project object */ = {
			isa = PBXProject;
			attributes = {
				BuildIndependentTargetsInParallel = 1;
				LastSwiftUpdateCheck = 1420;
				LastUpgradeCheck = 1420;
				TargetAttributes = {
					D9803C7429D49654006D20D1 = {
						CreatedOnToolsVersion = 14.2;
					};
					D9803C8A29D4965A006D20D1 = {
						CreatedOnToolsVersion = 14.2;
						TestTargetID = D9803C7429D49654006D20D1;
					};
					D9803C9429D4965B006D20D1 = {
						CreatedOnToolsVersion = 14.2;
						TestTargetID = D9803C7429D49654006D20D1;
					};
				};
			};
			buildConfigurationList = D9803C7029D49654006D20D1 /* Build configuration list for PBXProject "MovieApp-MVVM-Programmatic" */;
			compatibilityVersion = "Xcode 14.0";
			developmentRegion = en;
			hasScannedForEncodings = 0;
			knownRegions = (
				en,
				Base,
			);
			mainGroup = D9803C6C29D49654006D20D1;
			packageReferences = (
				D9803CB529D49BA5006D20D1 /* XCRemoteSwiftPackageReference "SnapKit" */,
				D9803CB829D49BF9006D20D1 /* XCRemoteSwiftPackageReference "Kingfisher" */,
				D9803CBB29D49D64006D20D1 /* XCRemoteSwiftPackageReference "Alamofire" */,
			);
			productRefGroup = D9803C7629D49654006D20D1 /* Products */;
			projectDirPath = "";
			projectRoot = "";
			targets = (
				D9803C7429D49654006D20D1 /* MovieApp-MVVM-Programmatic */,
				D9803C8A29D4965A006D20D1 /* MovieApp-MVVM-ProgrammaticTests */,
				D9803C9429D4965B006D20D1 /* MovieApp-MVVM-ProgrammaticUITests */,
			);
		};
/* End PBXProject section */

/* Begin PBXResourcesBuildPhase section */
		D9803C7329D49654006D20D1 /* Resources */ = {
			isa = PBXResourcesBuildPhase;
			buildActionMask = 2147483647;
			files = (
				D9803C8529D4965A006D20D1 /* LaunchScreen.storyboard in Resources */,
				D9803C8229D4965A006D20D1 /* Assets.xcassets in Resources */,
			);
			runOnlyForDeploymentPostprocessing = 0;
		};
		D9803C8929D4965A006D20D1 /* Resources */ = {
			isa = PBXResourcesBuildPhase;
			buildActionMask = 2147483647;
			files = (
			);
			runOnlyForDeploymentPostprocessing = 0;
		};
		D9803C9329D4965B006D20D1 /* Resources */ = {
			isa = PBXResourcesBuildPhase;
			buildActionMask = 2147483647;
			files = (
			);
			runOnlyForDeploymentPostprocessing = 0;
		};
/* End PBXResourcesBuildPhase section */

/* Begin PBXSourcesBuildPhase section */
		D9803C7129D49654006D20D1 /* Sources */ = {
			isa = PBXSourcesBuildPhase;
			buildActionMask = 2147483647;
			files = (
				D9803CC929D7B5A3006D20D1 /* Constant.swift in Sources */,
				D9803CC529D7B2A2006D20D1 /* WebService.swift in Sources */,
				D9803CC129D5D496006D20D1 /* MovieModel.swift in Sources */,
				D9803CCB29D7B5DC006D20D1 /* ServiceConstant.swift in Sources */,
				D9803CAF29D49931006D20D1 /* HomeVC.swift in Sources */,
				D9803C7929D49654006D20D1 /* AppDelegate.swift in Sources */,
				D9803C7B29D49654006D20D1 /* SceneDelegate.swift in Sources */,
				D9803CC329D5D879006D20D1 /* ServiceManager.swift in Sources */,
			);
			runOnlyForDeploymentPostprocessing = 0;
		};
		D9803C8729D4965A006D20D1 /* Sources */ = {
			isa = PBXSourcesBuildPhase;
			buildActionMask = 2147483647;
			files = (
				D9803C9029D4965A006D20D1 /* MovieApp_MVVM_ProgrammaticTests.swift in Sources */,
			);
			runOnlyForDeploymentPostprocessing = 0;
		};
		D9803C9129D4965B006D20D1 /* Sources */ = {
			isa = PBXSourcesBuildPhase;
			buildActionMask = 2147483647;
			files = (
				D9803C9A29D4965B006D20D1 /* MovieApp_MVVM_ProgrammaticUITests.swift in Sources */,
				D9803C9C29D4965B006D20D1 /* MovieApp_MVVM_ProgrammaticUITestsLaunchTests.swift in Sources */,
			);
			runOnlyForDeploymentPostprocessing = 0;
		};
/* End PBXSourcesBuildPhase section */

/* Begin PBXTargetDependency section */
		D9803C8D29D4965A006D20D1 /* PBXTargetDependency */ = {
			isa = PBXTargetDependency;
			target = D9803C7429D49654006D20D1 /* MovieApp-MVVM-Programmatic */;
			targetProxy = D9803C8C29D4965A006D20D1 /* PBXContainerItemProxy */;
		};
		D9803C9729D4965B006D20D1 /* PBXTargetDependency */ = {
			isa = PBXTargetDependency;
			target = D9803C7429D49654006D20D1 /* MovieApp-MVVM-Programmatic */;
			targetProxy = D9803C9629D4965B006D20D1 /* PBXContainerItemProxy */;
		};
/* End PBXTargetDependency section */

/* Begin PBXVariantGroup section */
		D9803C8329D4965A006D20D1 /* LaunchScreen.storyboard */ = {
			isa = PBXVariantGroup;
			children = (
				D9803C8429D4965A006D20D1 /* Base */,
			);
			name = LaunchScreen.storyboard;
			sourceTree = "<group>";
		};
/* End PBXVariantGroup section */

/* Begin XCBuildConfiguration section */
		D9803C9D29D4965B006D20D1 /* Debug */ = {
			isa = XCBuildConfiguration;
			buildSettings = {
				ALWAYS_SEARCH_USER_PATHS = NO;
				CLANG_ANALYZER_NONNULL = YES;
				CLANG_ANALYZER_NUMBER_OBJECT_CONVERSION = YES_AGGRESSIVE;
				CLANG_CXX_LANGUAGE_STANDARD = "gnu++20";
				CLANG_ENABLE_MODULES = YES;
				CLANG_ENABLE_OBJC_ARC = YES;
				CLANG_ENABLE_OBJC_WEAK = YES;
				CLANG_WARN_BLOCK_CAPTURE_AUTORELEASING = YES;
				CLANG_WARN_BOOL_CONVERSION = YES;
				CLANG_WARN_COMMA = YES;
				CLANG_WARN_CONSTANT_CONVERSION = YES;
				CLANG_WARN_DEPRECATED_OBJC_IMPLEMENTATIONS = YES;
				CLANG_WARN_DIRECT_OBJC_ISA_USAGE = YES_ERROR;
				CLANG_WARN_DOCUMENTATION_COMMENTS = YES;
				CLANG_WARN_EMPTY_BODY = YES;
				CLANG_WARN_ENUM_CONVERSION = YES;
				CLANG_WARN_INFINITE_RECURSION = YES;
				CLANG_WARN_INT_CONVERSION = YES;
				CLANG_WARN_NON_LITERAL_NULL_CONVERSION = YES;
				CLANG_WARN_OBJC_IMPLICIT_RETAIN_SELF = YES;
				CLANG_WARN_OBJC_LITERAL_CONVERSION = YES;
				CLANG_WARN_OBJC_ROOT_CLASS = YES_ERROR;
				CLANG_WARN_QUOTED_INCLUDE_IN_FRAMEWORK_HEADER = YES;
				CLANG_WARN_RANGE_LOOP_ANALYSIS = YES;
				CLANG_WARN_STRICT_PROTOTYPES = YES;
				CLANG_WARN_SUSPICIOUS_MOVE = YES;
				CLANG_WARN_UNGUARDED_AVAILABILITY = YES_AGGRESSIVE;
				CLANG_WARN_UNREACHABLE_CODE = YES;
				CLANG_WARN__DUPLICATE_METHOD_MATCH = YES;
				COPY_PHASE_STRIP = NO;
				DEBUG_INFORMATION_FORMAT = dwarf;
				ENABLE_STRICT_OBJC_MSGSEND = YES;
				ENABLE_TESTABILITY = YES;
				GCC_C_LANGUAGE_STANDARD = gnu11;
				GCC_DYNAMIC_NO_PIC = NO;
				GCC_NO_COMMON_BLOCKS = YES;
				GCC_OPTIMIZATION_LEVEL = 0;
				GCC_PREPROCESSOR_DEFINITIONS = (
					"DEBUG=1",
					"$(inherited)",
				);
				GCC_WARN_64_TO_32_BIT_CONVERSION = YES;
				GCC_WARN_ABOUT_RETURN_TYPE = YES_ERROR;
				GCC_WARN_UNDECLARED_SELECTOR = YES;
				GCC_WARN_UNINITIALIZED_AUTOS = YES_AGGRESSIVE;
				GCC_WARN_UNUSED_FUNCTION = YES;
				GCC_WARN_UNUSED_VARIABLE = YES;
				IPHONEOS_DEPLOYMENT_TARGET = 16.2;
				MTL_ENABLE_DEBUG_INFO = INCLUDE_SOURCE;
				MTL_FAST_MATH = YES;
				ONLY_ACTIVE_ARCH = YES;
				SDKROOT = iphoneos;
				SWIFT_ACTIVE_COMPILATION_CONDITIONS = DEBUG;
				SWIFT_OPTIMIZATION_LEVEL = "-Onone";
			};
			name = Debug;
		};
		D9803C9E29D4965B006D20D1 /* Release */ = {
			isa = XCBuildConfiguration;
			buildSettings = {
				ALWAYS_SEARCH_USER_PATHS = NO;
				CLANG_ANALYZER_NONNULL = YES;
				CLANG_ANALYZER_NUMBER_OBJECT_CONVERSION = YES_AGGRESSIVE;
				CLANG_CXX_LANGUAGE_STANDARD = "gnu++20";
				CLANG_ENABLE_MODULES = YES;
				CLANG_ENABLE_OBJC_ARC = YES;
				CLANG_ENABLE_OBJC_WEAK = YES;
				CLANG_WARN_BLOCK_CAPTURE_AUTORELEASING = YES;
				CLANG_WARN_BOOL_CONVERSION = YES;
				CLANG_WARN_COMMA = YES;
				CLANG_WARN_CONSTANT_CONVERSION = YES;
				CLANG_WARN_DEPRECATED_OBJC_IMPLEMENTATIONS = YES;
				CLANG_WARN_DIRECT_OBJC_ISA_USAGE = YES_ERROR;
				CLANG_WARN_DOCUMENTATION_COMMENTS = YES;
				CLANG_WARN_EMPTY_BODY = YES;
				CLANG_WARN_ENUM_CONVERSION = YES;
				CLANG_WARN_INFINITE_RECURSION = YES;
				CLANG_WARN_INT_CONVERSION = YES;
				CLANG_WARN_NON_LITERAL_NULL_CONVERSION = YES;
				CLANG_WARN_OBJC_IMPLICIT_RETAIN_SELF = YES;
				CLANG_WARN_OBJC_LITERAL_CONVERSION = YES;
				CLANG_WARN_OBJC_ROOT_CLASS = YES_ERROR;
				CLANG_WARN_QUOTED_INCLUDE_IN_FRAMEWORK_HEADER = YES;
				CLANG_WARN_RANGE_LOOP_ANALYSIS = YES;
				CLANG_WARN_STRICT_PROTOTYPES = YES;
				CLANG_WARN_SUSPICIOUS_MOVE = YES;
				CLANG_WARN_UNGUARDED_AVAILABILITY = YES_AGGRESSIVE;
				CLANG_WARN_UNREACHABLE_CODE = YES;
				CLANG_WARN__DUPLICATE_METHOD_MATCH = YES;
				COPY_PHASE_STRIP = NO;
				DEBUG_INFORMATION_FORMAT = "dwarf-with-dsym";
				ENABLE_NS_ASSERTIONS = NO;
				ENABLE_STRICT_OBJC_MSGSEND = YES;
				GCC_C_LANGUAGE_STANDARD = gnu11;
				GCC_NO_COMMON_BLOCKS = YES;
				GCC_WARN_64_TO_32_BIT_CONVERSION = YES;
				GCC_WARN_ABOUT_RETURN_TYPE = YES_ERROR;
				GCC_WARN_UNDECLARED_SELECTOR = YES;
				GCC_WARN_UNINITIALIZED_AUTOS = YES_AGGRESSIVE;
				GCC_WARN_UNUSED_FUNCTION = YES;
				GCC_WARN_UNUSED_VARIABLE = YES;
				IPHONEOS_DEPLOYMENT_TARGET = 16.2;
				MTL_ENABLE_DEBUG_INFO = NO;
				MTL_FAST_MATH = YES;
				SDKROOT = iphoneos;
				SWIFT_COMPILATION_MODE = wholemodule;
				SWIFT_OPTIMIZATION_LEVEL = "-O";
				VALIDATE_PRODUCT = YES;
			};
			name = Release;
		};
		D9803CA029D4965B006D20D1 /* Debug */ = {
			isa = XCBuildConfiguration;
			buildSettings = {
				ASSETCATALOG_COMPILER_APPICON_NAME = AppIcon;
				ASSETCATALOG_COMPILER_GLOBAL_ACCENT_COLOR_NAME = AccentColor;
				CODE_SIGN_STYLE = Automatic;
				CURRENT_PROJECT_VERSION = 1;
				DEVELOPMENT_TEAM = G639H868D6;
				GENERATE_INFOPLIST_FILE = YES;
				INFOPLIST_FILE = "MovieApp-MVVM-Programmatic/Support/Info.plist";
				INFOPLIST_KEY_UIApplicationSupportsIndirectInputEvents = YES;
				INFOPLIST_KEY_UILaunchStoryboardName = LaunchScreen;
				INFOPLIST_KEY_UIMainStoryboardFile = "";
				INFOPLIST_KEY_UISupportedInterfaceOrientations_iPad = "UIInterfaceOrientationPortrait UIInterfaceOrientationPortraitUpsideDown UIInterfaceOrientationLandscapeLeft UIInterfaceOrientationLandscapeRight";
				INFOPLIST_KEY_UISupportedInterfaceOrientations_iPhone = "UIInterfaceOrientationPortrait UIInterfaceOrientationLandscapeLeft UIInterfaceOrientationLandscapeRight";
				IPHONEOS_DEPLOYMENT_TARGET = 13.0;
				LD_RUNPATH_SEARCH_PATHS = (
					"$(inherited)",
					"@executable_path/Frameworks",
				);
				MARKETING_VERSION = 1.0.1;
				PRODUCT_BUNDLE_IDENTIFIER = "com.ismailtever.MovieApp-MVVM-Programmatic";
				PRODUCT_NAME = "$(TARGET_NAME)";
				SUPPORTED_PLATFORMS = "iphoneos iphonesimulator";
				SUPPORTS_MACCATALYST = NO;
				SUPPORTS_MAC_DESIGNED_FOR_IPHONE_IPAD = YES;
				SWIFT_EMIT_LOC_STRINGS = YES;
				SWIFT_VERSION = 5.0;
				TARGETED_DEVICE_FAMILY = 1;
			};
			name = Debug;
		};
		D9803CA129D4965B006D20D1 /* Release */ = {
			isa = XCBuildConfiguration;
			buildSettings = {
				ASSETCATALOG_COMPILER_APPICON_NAME = AppIcon;
				ASSETCATALOG_COMPILER_GLOBAL_ACCENT_COLOR_NAME = AccentColor;
				CODE_SIGN_STYLE = Automatic;
				CURRENT_PROJECT_VERSION = 1;
				DEVELOPMENT_TEAM = G639H868D6;
				GENERATE_INFOPLIST_FILE = YES;
				INFOPLIST_FILE = "MovieApp-MVVM-Programmatic/Support/Info.plist";
				INFOPLIST_KEY_UIApplicationSupportsIndirectInputEvents = YES;
				INFOPLIST_KEY_UILaunchStoryboardName = LaunchScreen;
				INFOPLIST_KEY_UIMainStoryboardFile = "";
				INFOPLIST_KEY_UISupportedInterfaceOrientations_iPad = "UIInterfaceOrientationPortrait UIInterfaceOrientationPortraitUpsideDown UIInterfaceOrientationLandscapeLeft UIInterfaceOrientationLandscapeRight";
				INFOPLIST_KEY_UISupportedInterfaceOrientations_iPhone = "UIInterfaceOrientationPortrait UIInterfaceOrientationLandscapeLeft UIInterfaceOrientationLandscapeRight";
				IPHONEOS_DEPLOYMENT_TARGET = 13.0;
				LD_RUNPATH_SEARCH_PATHS = (
					"$(inherited)",
					"@executable_path/Frameworks",
				);
				MARKETING_VERSION = 1.0.1;
				PRODUCT_BUNDLE_IDENTIFIER = "com.ismailtever.MovieApp-MVVM-Programmatic";
				PRODUCT_NAME = "$(TARGET_NAME)";
				SUPPORTED_PLATFORMS = "iphoneos iphonesimulator";
				SUPPORTS_MACCATALYST = NO;
				SUPPORTS_MAC_DESIGNED_FOR_IPHONE_IPAD = YES;
				SWIFT_EMIT_LOC_STRINGS = YES;
				SWIFT_VERSION = 5.0;
				TARGETED_DEVICE_FAMILY = 1;
			};
			name = Release;
		};
		D9803CA329D4965B006D20D1 /* Debug */ = {
			isa = XCBuildConfiguration;
			buildSettings = {
				ALWAYS_EMBED_SWIFT_STANDARD_LIBRARIES = YES;
				BUNDLE_LOADER = "$(TEST_HOST)";
				CODE_SIGN_STYLE = Automatic;
				CURRENT_PROJECT_VERSION = 1;
				DEVELOPMENT_TEAM = G639H868D6;
				GENERATE_INFOPLIST_FILE = YES;
				IPHONEOS_DEPLOYMENT_TARGET = 16.2;
				MARKETING_VERSION = 1.0;
				PRODUCT_BUNDLE_IDENTIFIER = "com.ismailtever.MovieApp-MVVM-ProgrammaticTests";
				PRODUCT_NAME = "$(TARGET_NAME)";
				SWIFT_EMIT_LOC_STRINGS = NO;
				SWIFT_VERSION = 5.0;
				TARGETED_DEVICE_FAMILY = "1,2";
				TEST_HOST = "$(BUILT_PRODUCTS_DIR)/MovieApp-MVVM-Programmatic.app/$(BUNDLE_EXECUTABLE_FOLDER_PATH)/MovieApp-MVVM-Programmatic";
			};
			name = Debug;
		};
		D9803CA429D4965B006D20D1 /* Release */ = {
			isa = XCBuildConfiguration;
			buildSettings = {
				ALWAYS_EMBED_SWIFT_STANDARD_LIBRARIES = YES;
				BUNDLE_LOADER = "$(TEST_HOST)";
				CODE_SIGN_STYLE = Automatic;
				CURRENT_PROJECT_VERSION = 1;
				DEVELOPMENT_TEAM = G639H868D6;
				GENERATE_INFOPLIST_FILE = YES;
				IPHONEOS_DEPLOYMENT_TARGET = 16.2;
				MARKETING_VERSION = 1.0;
				PRODUCT_BUNDLE_IDENTIFIER = "com.ismailtever.MovieApp-MVVM-ProgrammaticTests";
				PRODUCT_NAME = "$(TARGET_NAME)";
				SWIFT_EMIT_LOC_STRINGS = NO;
				SWIFT_VERSION = 5.0;
				TARGETED_DEVICE_FAMILY = "1,2";
				TEST_HOST = "$(BUILT_PRODUCTS_DIR)/MovieApp-MVVM-Programmatic.app/$(BUNDLE_EXECUTABLE_FOLDER_PATH)/MovieApp-MVVM-Programmatic";
			};
			name = Release;
		};
		D9803CA629D4965B006D20D1 /* Debug */ = {
			isa = XCBuildConfiguration;
			buildSettings = {
				ALWAYS_EMBED_SWIFT_STANDARD_LIBRARIES = YES;
				CODE_SIGN_STYLE = Automatic;
				CURRENT_PROJECT_VERSION = 1;
				DEVELOPMENT_TEAM = G639H868D6;
				GENERATE_INFOPLIST_FILE = YES;
				MARKETING_VERSION = 1.0;
				PRODUCT_BUNDLE_IDENTIFIER = "com.ismailtever.MovieApp-MVVM-ProgrammaticUITests";
				PRODUCT_NAME = "$(TARGET_NAME)";
				SWIFT_EMIT_LOC_STRINGS = NO;
				SWIFT_VERSION = 5.0;
				TARGETED_DEVICE_FAMILY = "1,2";
				TEST_TARGET_NAME = "MovieApp-MVVM-Programmatic";
			};
			name = Debug;
		};
		D9803CA729D4965B006D20D1 /* Release */ = {
			isa = XCBuildConfiguration;
			buildSettings = {
				ALWAYS_EMBED_SWIFT_STANDARD_LIBRARIES = YES;
				CODE_SIGN_STYLE = Automatic;
				CURRENT_PROJECT_VERSION = 1;
				DEVELOPMENT_TEAM = G639H868D6;
				GENERATE_INFOPLIST_FILE = YES;
				MARKETING_VERSION = 1.0;
				PRODUCT_BUNDLE_IDENTIFIER = "com.ismailtever.MovieApp-MVVM-ProgrammaticUITests";
				PRODUCT_NAME = "$(TARGET_NAME)";
				SWIFT_EMIT_LOC_STRINGS = NO;
				SWIFT_VERSION = 5.0;
				TARGETED_DEVICE_FAMILY = "1,2";
				TEST_TARGET_NAME = "MovieApp-MVVM-Programmatic";
			};
			name = Release;
		};
/* End XCBuildConfiguration section */

/* Begin XCConfigurationList section */
		D9803C7029D49654006D20D1 /* Build configuration list for PBXProject "MovieApp-MVVM-Programmatic" */ = {
			isa = XCConfigurationList;
			buildConfigurations = (
				D9803C9D29D4965B006D20D1 /* Debug */,
				D9803C9E29D4965B006D20D1 /* Release */,
			);
			defaultConfigurationIsVisible = 0;
			defaultConfigurationName = Release;
		};
		D9803C9F29D4965B006D20D1 /* Build configuration list for PBXNativeTarget "MovieApp-MVVM-Programmatic" */ = {
			isa = XCConfigurationList;
			buildConfigurations = (
				D9803CA029D4965B006D20D1 /* Debug */,
				D9803CA129D4965B006D20D1 /* Release */,
			);
			defaultConfigurationIsVisible = 0;
			defaultConfigurationName = Release;
		};
		D9803CA229D4965B006D20D1 /* Build configuration list for PBXNativeTarget "MovieApp-MVVM-ProgrammaticTests" */ = {
			isa = XCConfigurationList;
			buildConfigurations = (
				D9803CA329D4965B006D20D1 /* Debug */,
				D9803CA429D4965B006D20D1 /* Release */,
			);
			defaultConfigurationIsVisible = 0;
			defaultConfigurationName = Release;
		};
		D9803CA529D4965B006D20D1 /* Build configuration list for PBXNativeTarget "MovieApp-MVVM-ProgrammaticUITests" */ = {
			isa = XCConfigurationList;
			buildConfigurations = (
				D9803CA629D4965B006D20D1 /* Debug */,
				D9803CA729D4965B006D20D1 /* Release */,
			);
			defaultConfigurationIsVisible = 0;
			defaultConfigurationName = Release;
		};
/* End XCConfigurationList section */

/* Begin XCRemoteSwiftPackageReference section */
		D9803CB529D49BA5006D20D1 /* XCRemoteSwiftPackageReference "SnapKit" */ = {
			isa = XCRemoteSwiftPackageReference;
			repositoryURL = "https://github.com/SnapKit/SnapKit.git";
			requirement = {
				kind = upToNextMajorVersion;
				minimumVersion = 5.0.1;
			};
		};
		D9803CB829D49BF9006D20D1 /* XCRemoteSwiftPackageReference "Kingfisher" */ = {
			isa = XCRemoteSwiftPackageReference;
			repositoryURL = "https://github.com/onevcat/Kingfisher.git";
			requirement = {
				kind = upToNextMajorVersion;
				minimumVersion = 7.0.0;
			};
		};
		D9803CBB29D49D64006D20D1 /* XCRemoteSwiftPackageReference "Alamofire" */ = {
			isa = XCRemoteSwiftPackageReference;
			repositoryURL = "https://github.com/Alamofire/Alamofire.git";
			requirement = {
				kind = upToNextMajorVersion;
				minimumVersion = 5.6.1;
			};
		};
/* End XCRemoteSwiftPackageReference section */

/* Begin XCSwiftPackageProductDependency section */
		D9803CB629D49BA5006D20D1 /* SnapKit */ = {
			isa = XCSwiftPackageProductDependency;
			package = D9803CB529D49BA5006D20D1 /* XCRemoteSwiftPackageReference "SnapKit" */;
			productName = SnapKit;
		};
		D9803CB929D49BF9006D20D1 /* Kingfisher */ = {
			isa = XCSwiftPackageProductDependency;
			package = D9803CB829D49BF9006D20D1 /* XCRemoteSwiftPackageReference "Kingfisher" */;
			productName = Kingfisher;
		};
		D9803CBC29D49D64006D20D1 /* Alamofire */ = {
			isa = XCSwiftPackageProductDependency;
			package = D9803CBB29D49D64006D20D1 /* XCRemoteSwiftPackageReference "Alamofire" */;
			productName = Alamofire;
		};
/* End XCSwiftPackageProductDependency section */
	};
	rootObject = D9803C6D29D49654006D20D1 /* Project object */;
}
